# This file is autogenerated, do not edit; changes may be undone by the next 'dep ensure'.


[[projects]]
  branch = "master"
  digest = "1:effa4350bad6457813310bd6768da471746b62ef927455e98bdfaa69b3f12bb9"
  name = "github.com/gypsydave5/learn-go-with-tests"
  packages = ["math/v1/clockface"]
  pruneopts = "UT"
  revision = "d2bb3c700e90da3a32e8d0dcf164bb4a067801ab"

[solve-meta]
  analyzer-name = "dep"
  analyzer-version = 1
  input-imports = ["github.com/gypsydave5/learn-go-with-tests/math/v1/clockface"]
  solver-name = "gps-cdcl"
  solver-version = 1
